github.com/alecthomas/kong v1.13.0 h1:5e/7XC3ugvhP1DQBmTS+WuHtCbcv44hsohMgcvVxSrA=
github.com/alecthomas/kong v1.13.0/go.mod h1:wrlbXem1CWqUV5Vbmss5ISYhsVPkBb1Yo7YKJghju2I=
golang.org/x/sys v0.28.0 h1:Fksou7UEQUWlKvIdsqzJmUmCX3cZuD2+P3XyyzwMhlA=
golang.org/x/sys v0.28.0/go.mod h1:/VUhepiaJMQUp4+oa/7Zr1D23ma6VTLIYjOOTFZPUcA=
